
Microsoft Visual Studio Solution File, Format Version 12.00
# Visual Studio Version 17
VisualStudioVersion = 17.0.31903.59
MinimumVisualStudioVersion = 10.0.40219.1
Project("{FAE04EC0-301F-11D3-BF4B-00C04F79EFBC}") = "Application", "Application\Application.csproj", "{5A92D806-0927-4D42-A8C7-7171229C39F9}"
EndProject
Project("{FAE04EC0-301F-11D3-BF4B-00C04F79EFBC}") = "Domain", "Domain\Domain.csproj", "{9C73FFE8-2267-402F-BDDB-CB82ED5E1131}"
EndProject
Project("{FAE04EC0-301F-11D3-BF4B-00C04F79EFBC}") = "Infrastructure", "Infrastructure\Infrastructure.csproj", "{B25D2021-A7D8-491B-A8C8-C51C75434786}"
EndProject
Project("{FAE04EC0-301F-11D3-BF4B-00C04F79EFBC}") = "WebApi", "WebApi\WebApi.csproj", "{603DECD5-E142-407E-8E49-6F264FDDDB1D}"
EndProject
Global
	GlobalSection(SolutionConfigurationPlatforms) = preSolution
		Debug|Any CPU = Debug|Any CPU
		Debug|x64 = Debug|x64
		Debug|x86 = Debug|x86
		Release|Any CPU = Release|Any CPU
		Release|x64 = Release|x64
		Release|x86 = Release|x86
	EndGlobalSection
	GlobalSection(ProjectConfigurationPlatforms) = postSolution
		{5A92D806-0927-4D42-A8C7-7171229C39F9}.Debug|Any CPU.ActiveCfg = Debug|Any CPU
		{5A92D806-0927-4D42-A8C7-7171229C39F9}.Debug|Any CPU.Build.0 = Debug|Any CPU
		{5A92D806-0927-4D42-A8C7-7171229C39F9}.Debug|x64.ActiveCfg = Debug|Any CPU
		{5A92D806-0927-4D42-A8C7-7171229C39F9}.Debug|x64.Build.0 = Debug|Any CPU
		{5A92D806-0927-4D42-A8C7-7171229C39F9}.Debug|x86.ActiveCfg = Debug|Any CPU
		{5A92D806-0927-4D42-A8C7-7171229C39F9}.Debug|x86.Build.0 = Debug|Any CPU
		{5A92D806-0927-4D42-A8C7-7171229C39F9}.Release|Any CPU.ActiveCfg = Release|Any CPU
		{5A92D806-0927-4D42-A8C7-7171229C39F9}.Release|Any CPU.Build.0 = Release|Any CPU
		{5A92D806-0927-4D42-A8C7-7171229C39F9}.Release|x64.ActiveCfg = Release|Any CPU
		{5A92D806-0927-4D42-A8C7-7171229C39F9}.Release|x64.Build.0 = Release|Any CPU
		{5A92D806-0927-4D42-A8C7-7171229C39F9}.Release|x86.ActiveCfg = Release|Any CPU
		{5A92D806-0927-4D42-A8C7-7171229C39F9}.Release|x86.Build.0 = Release|Any CPU
		{9C73FFE8-2267-402F-BDDB-CB82ED5E1131}.Debug|Any CPU.ActiveCfg = Debug|Any CPU
		{9C73FFE8-2267-402F-BDDB-CB82ED5E1131}.Debug|Any CPU.Build.0 = Debug|Any CPU
		{9C73FFE8-2267-402F-BDDB-CB82ED5E1131}.Debug|x64.ActiveCfg = Debug|Any CPU
		{9C73FFE8-2267-402F-BDDB-CB82ED5E1131}.Debug|x64.Build.0 = Debug|Any CPU
		{9C73FFE8-2267-402F-BDDB-CB82ED5E1131}.Debug|x86.ActiveCfg = Debug|Any CPU
		{9C73FFE8-2267-402F-BDDB-CB82ED5E1131}.Debug|x86.Build.0 = Debug|Any CPU
		{9C73FFE8-2267-402F-BDDB-CB82ED5E1131}.Release|Any CPU.ActiveCfg = Release|Any CPU
		{9C73FFE8-2267-402F-BDDB-CB82ED5E1131}.Release|Any CPU.Build.0 = Release|Any CPU
		{9C73FFE8-2267-402F-BDDB-CB82ED5E1131}.Release|x64.ActiveCfg = Release|Any CPU
		{9C73FFE8-2267-402F-BDDB-CB82ED5E1131}.Release|x64.Build.0 = Release|Any CPU
		{9C73FFE8-2267-402F-BDDB-CB82ED5E1131}.Release|x86.ActiveCfg = Release|Any CPU
		{9C73FFE8-2267-402F-BDDB-CB82ED5E1131}.Release|x86.Build.0 = Release|Any CPU
		{B25D2021-A7D8-491B-A8C8-C51C75434786}.Debug|Any CPU.ActiveCfg = Debug|Any CPU
		{B25D2021-A7D8-491B-A8C8-C51C75434786}.Debug|Any CPU.Build.0 = Debug|Any CPU
		{B25D2021-A7D8-491B-A8C8-C51C75434786}.Debug|x64.ActiveCfg = Debug|Any CPU
		{B25D2021-A7D8-491B-A8C8-C51C75434786}.Debug|x64.Build.0 = Debug|Any CPU
		{B25D2021-A7D8-491B-A8C8-C51C75434786}.Debug|x86.ActiveCfg = Debug|Any CPU
		{B25D2021-A7D8-491B-A8C8-C51C75434786}.Debug|x86.Build.0 = Debug|Any CPU
		{B25D2021-A7D8-491B-A8C8-C51C75434786}.Release|Any CPU.ActiveCfg = Release|Any CPU
		{B25D2021-A7D8-491B-A8C8-C51C75434786}.Release|Any CPU.Build.0 = Release|Any CPU
		{B25D2021-A7D8-491B-A8C8-C51C75434786}.Release|x64.ActiveCfg = Release|Any CPU
		{B25D2021-A7D8-491B-A8C8-C51C75434786}.Release|x64.Build.0 = Release|Any CPU
		{B25D2021-A7D8-491B-A8C8-C51C75434786}.Release|x86.ActiveCfg = Release|Any CPU
		{B25D2021-A7D8-491B-A8C8-C51C75434786}.Release|x86.Build.0 = Release|Any CPU
		{603DECD5-E142-407E-8E49-6F264FDDDB1D}.Debug|Any CPU.ActiveCfg = Debug|Any CPU
		{603DECD5-E142-407E-8E49-6F264FDDDB1D}.Debug|Any CPU.Build.0 = Debug|Any CPU
		{603DECD5-E142-407E-8E49-6F264FDDDB1D}.Debug|x64.ActiveCfg = Debug|Any CPU
		{603DECD5-E142-407E-8E49-6F264FDDDB1D}.Debug|x64.Build.0 = Debug|Any CPU
		{603DECD5-E142-407E-8E49-6F264FDDDB1D}.Debug|x86.ActiveCfg = Debug|Any CPU
		{603DECD5-E142-407E-8E49-6F264FDDDB1D}.Debug|x86.Build.0 = Debug|Any CPU
		{603DECD5-E142-407E-8E49-6F264FDDDB1D}.Release|Any CPU.ActiveCfg = Release|Any CPU
		{603DECD5-E142-407E-8E49-6F264FDDDB1D}.Release|Any CPU.Build.0 = Release|Any CPU
		{603DECD5-E142-407E-8E49-6F264FDDDB1D}.Release|x64.ActiveCfg = Release|Any CPU
		{603DECD5-E142-407E-8E49-6F264FDDDB1D}.Release|x64.Build.0 = Release|Any CPU
		{603DECD5-E142-407E-8E49-6F264FDDDB1D}.Release|x86.ActiveCfg = Release|Any CPU
		{603DECD5-E142-407E-8E49-6F264FDDDB1D}.Release|x86.Build.0 = Release|Any CPU
	EndGlobalSection
	GlobalSection(SolutionProperties) = preSolution
		HideSolutionNode = FALSE
	EndGlobalSection
EndGlobal
